
Microsoft Visual Studio Solution File, Format Version 12.00
# Visual Studio 15
VisualStudioVersion = 15.0.33026.149
MinimumVisualStudioVersion = 10.0.40219.1
Project("{FAE04EC0-301F-11D3-BF4B-00C04F79EFBC}") = "SterlingAPI", "SterlingAPI\SterlingAPI.csproj", "{965F8256-8EB3-446E-ACD5-928EEB6D635D}"
EndProject
Global
	GlobalSection(SolutionConfigurationPlatforms) = preSolution
		Debug|Any CPU = Debug|Any CPU
		Release|Any CPU = Release|Any CPU
	EndGlobalSection
	GlobalSection(ProjectConfigurationPlatforms) = postSolution
		{965F8256-8EB3-446E-ACD5-928EEB6D635D}.Debug|Any CPU.ActiveCfg = Debug|Any CPU
		{965F8256-8EB3-446E-ACD5-928EEB6D635D}.Debug|Any CPU.Build.0 = Debug|Any CPU
		{965F8256-8EB3-446E-ACD5-928EEB6D635D}.Release|Any CPU.ActiveCfg = Release|Any CPU
		{965F8256-8EB3-446E-ACD5-928EEB6D635D}.Release|Any CPU.Build.0 = Release|Any CPU
	EndGlobalSection
	GlobalSection(SolutionProperties) = preSolution
		HideSolutionNode = FALSE
	EndGlobalSection
	GlobalSection(ExtensibilityGlobals) = postSolution
		SolutionGuid = {6064FD6E-1D25-4E3B-AA70-3D3673130F55}
	EndGlobalSection
EndGlobal
